
Microsoft Visual Studio Solution File, Format Version 12.00
# Visual Studio Version 16
VisualStudioVersion = 16.0.29613.14
MinimumVisualStudioVersion = 10.0.40219.1
Project("{FAE04EC0-301F-11D3-BF4B-00C04F79EFBC}") = "Laba 12", "Laba 12.csproj", "{7CDC3934-43CE-4701-8962-F99AD76FA338}"
EndProject
Global
	GlobalSection(SolutionConfigurationPlatforms) = preSolution
		Debug|Any CPU = Debug|Any CPU
		Release|Any CPU = Release|Any CPU
	EndGlobalSection
	GlobalSection(ProjectConfigurationPlatforms) = postSolution
		{7CDC3934-43CE-4701-8962-F99AD76FA338}.Debug|Any CPU.ActiveCfg = Debug|Any CPU
		{7CDC3934-43CE-4701-8962-F99AD76FA338}.Debug|Any CPU.Build.0 = Debug|Any CPU
		{7CDC3934-43CE-4701-8962-F99AD76FA338}.Release|Any CPU.ActiveCfg = Release|Any CPU
		{7CDC3934-43CE-4701-8962-F99AD76FA338}.Release|Any CPU.Build.0 = Release|Any CPU
	EndGlobalSection
	GlobalSection(SolutionProperties) = preSolution
		HideSolutionNode = FALSE
	EndGlobalSection
	GlobalSection(ExtensibilityGlobals) = postSolution
		SolutionGuid = {0CEE4F09-AAE1-459D-B94F-DB7F335064B7}
	EndGlobalSection
EndGlobal
